{
  "originHash" : "557939a2717d7a64b986c70299fe6bf4476150b358186cfcdb9d1a31c28a4303",
  "pins" : [
    {
      "identity" : "appauth-ios",
      "kind" : "remoteSourceControl",
      "location" : "https://github.com/openid/AppAuth-iOS",
      "state" : {
        "revision" : "2781038865a80e2c425a1da12cc1327bcd56501f",
        "version" : "1.7.6"
      }
    },
    {
      "identity" : "tim-ios",
      "kind" : "remoteSourceControl",
      "location" : "https://github.com/trifork/TIM-iOS",
      "state" : {
        "revision" : "1dae1be45a2f49da42b5a3b5f95a113c9fcf98bc",
        "version" : "2.9.3"
      }
    },
    {
      "identity" : "timencryptedstorage-ios",
      "kind" : "remoteSourceControl",
      "location" : "https://github.com/trifork/TIMEncryptedStorage-iOS",
      "state" : {
        "revision" : "b666418d052375516eb41e2eae26b154dd1d3681",
        "version" : "2.2.3"
      }
    }
  ],
  "version" : 3
}
